
Microsoft Visual Studio Solution File, Format Version 12.00
# Visual Studio Version 17
VisualStudioVersion = 17.5.33502.453
MinimumVisualStudioVersion = 10.0.40219.1
Project("{9A19103F-16F7-4668-BE54-9A1E7A4F7556}") = "Exchange", "Exchange\Exchange.csproj", "{FC3B491D-7562-42FF-B5EA-EC9E94A58E79}"
EndProject
Project("{FAE04EC0-301F-11D3-BF4B-00C04F79EFBC}") = "ExchangeTests", "ExchangeTests\ExchangeTests.csproj", "{8D58AAF0-93A9-4DC0-9905-EA7235400163}"
EndProject
Global
	GlobalSection(SolutionConfigurationPlatforms) = preSolution
		Debug|Any CPU = Debug|Any CPU
		Release|Any CPU = Release|Any CPU
	EndGlobalSection
	GlobalSection(ProjectConfigurationPlatforms) = postSolution
		{FC3B491D-7562-42FF-B5EA-EC9E94A58E79}.Debug|Any CPU.ActiveCfg = Debug|Any CPU
		{FC3B491D-7562-42FF-B5EA-EC9E94A58E79}.Debug|Any CPU.Build.0 = Debug|Any CPU
		{FC3B491D-7562-42FF-B5EA-EC9E94A58E79}.Release|Any CPU.ActiveCfg = Release|Any CPU
		{FC3B491D-7562-42FF-B5EA-EC9E94A58E79}.Release|Any CPU.Build.0 = Release|Any CPU
		{8D58AAF0-93A9-4DC0-9905-EA7235400163}.Debug|Any CPU.ActiveCfg = Debug|Any CPU
		{8D58AAF0-93A9-4DC0-9905-EA7235400163}.Debug|Any CPU.Build.0 = Debug|Any CPU
		{8D58AAF0-93A9-4DC0-9905-EA7235400163}.Release|Any CPU.ActiveCfg = Release|Any CPU
		{8D58AAF0-93A9-4DC0-9905-EA7235400163}.Release|Any CPU.Build.0 = Release|Any CPU
	EndGlobalSection
	GlobalSection(SolutionProperties) = preSolution
		HideSolutionNode = FALSE
	EndGlobalSection
	GlobalSection(ExtensibilityGlobals) = postSolution
		SolutionGuid = {7D14E762-CB4E-45F2-93E5-5ECAF941FCD4}
	EndGlobalSection
EndGlobal
